
Microsoft Visual Studio Solution File, Format Version 12.00
# Visual Studio Version 16
VisualStudioVersion = 16.0.30309.148
MinimumVisualStudioVersion = 10.0.40219.1
Project("{9A19103F-16F7-4668-BE54-9A1E7A4F7556}") = "SqlRapper", "SqlRapper\SqlRapper.csproj", "{3AD42D0F-1B0F-4C6E-AE4C-92CE839914DD}"
EndProject
Project("{FAE04EC0-301F-11D3-BF4B-00C04F79EFBC}") = "SqlRapperTests", "SqlRapperTests\SqlRapperTests.csproj", "{48BFFBFD-3444-4D20-AAB3-EF93E2C28116}"
EndProject
Global
	GlobalSection(SolutionConfigurationPlatforms) = preSolution
		Debug|Any CPU = Debug|Any CPU
		Release|Any CPU = Release|Any CPU
	EndGlobalSection
	GlobalSection(ProjectConfigurationPlatforms) = postSolution
		{3AD42D0F-1B0F-4C6E-AE4C-92CE839914DD}.Debug|Any CPU.ActiveCfg = Debug|Any CPU
		{3AD42D0F-1B0F-4C6E-AE4C-92CE839914DD}.Debug|Any CPU.Build.0 = Debug|Any CPU
		{3AD42D0F-1B0F-4C6E-AE4C-92CE839914DD}.Release|Any CPU.ActiveCfg = Release|Any CPU
		{3AD42D0F-1B0F-4C6E-AE4C-92CE839914DD}.Release|Any CPU.Build.0 = Release|Any CPU
		{48BFFBFD-3444-4D20-AAB3-EF93E2C28116}.Debug|Any CPU.ActiveCfg = Debug|Any CPU
		{48BFFBFD-3444-4D20-AAB3-EF93E2C28116}.Debug|Any CPU.Build.0 = Debug|Any CPU
		{48BFFBFD-3444-4D20-AAB3-EF93E2C28116}.Release|Any CPU.ActiveCfg = Release|Any CPU
		{48BFFBFD-3444-4D20-AAB3-EF93E2C28116}.Release|Any CPU.Build.0 = Release|Any CPU
	EndGlobalSection
	GlobalSection(SolutionProperties) = preSolution
		HideSolutionNode = FALSE
	EndGlobalSection
	GlobalSection(ExtensibilityGlobals) = postSolution
		SolutionGuid = {2684A70B-2975-4D50-B359-503A379CCD33}
	EndGlobalSection
EndGlobal
